{
	"name": "perl-lsp-server",
	"version": "1.0.0",
	"lockfileVersion": 2,
	"requires": true,
	"packages": {
		"": {
			"name": "perl-lsp-server",
			"version": "1.0.0",
			"license": "MIT",
			"dependencies": {
				"await-notify": "^1.0.1",
				"fast-glob": "^3.2.5",
				"graceful-fs": "^4.2.6",
				"vscode-debugadapter": "^1.47.0",
				"vscode-debugprotocol": "^1.47.0",
				"vscode-languageserver": "^7.0.0",
				"vscode-languageserver-textdocument": "^1.0.1",
				"web-tree-sitter": "^0.20.8"
			},
			"devDependencies": {
				"@ganezdragon/tree-sitter-perl": "^0.4.0",
				"@types/graceful-fs": "^4.1.5",
				"@types/node": "^14.0.14",
				"tree-sitter-cli": "^0.20.8"
			},
			"engines": {
				"node": "*"
			}
		},
		"node_modules/@ganezdragon/tree-sitter-perl": {
			"version": "0.4.0",
			"resolved": "https://npm.pkg.github.com/download/@ganezdragon/tree-sitter-perl/0.4.0/8011a924ca2f752742fc3f8e214451e76adebcc7",
			"integrity": "sha512-diAoJ9GJ8CjQBnNmylrD1hXZn+6uF1pT5G9vP2npUtskQKF3ybfz9L5JklKd8upARBlwF0+zEZfXGFM8+eeX9Q==",
			"dev": true,
			"hasInstallScript": true,
			"license": "MIT",
			"dependencies": {
				"nan": "^2.17.0"
			}
		},
		"node_modules/@nodelib/fs.scandir": {
			"version": "2.1.5",
			"resolved": "https://artifactory.aws.athenahealth.com/api/npm/npm/@nodelib/fs.scandir/-/fs.scandir-2.1.5.tgz",
			"integrity": "sha512-vq24Bq3ym5HEQm2NKCr3yXDwjc7vTsEThRDnkp2DK9p1uqLR+DHurm/NOTo0KG7HYHU7eppKZj3MyqYuMBf62g==",
			"license": "MIT",
			"dependencies": {
				"@nodelib/fs.stat": "2.0.5",
				"run-parallel": "^1.1.9"
			},
			"engines": {
				"node": ">= 8"
			}
		},
		"node_modules/@nodelib/fs.stat": {
			"version": "2.0.5",
			"resolved": "https://artifactory.aws.athenahealth.com/api/npm/npm/@nodelib/fs.stat/-/fs.stat-2.0.5.tgz",
			"integrity": "sha512-RkhPPp2zrqDAQA/2jNhnztcPAlv64XdhIp7a7454A5ovI7Bukxgt7MX7udwAu3zg1DcpPU0rz3VV1SeaqvY4+A==",
			"license": "MIT",
			"engines": {
				"node": ">= 8"
			}
		},
		"node_modules/@nodelib/fs.walk": {
			"version": "1.2.8",
			"resolved": "https://artifactory.aws.athenahealth.com/api/npm/npm/@nodelib/fs.walk/-/fs.walk-1.2.8.tgz",
			"integrity": "sha512-oGB+UxlgWcgQkgwo8GcEGwemoTFt3FIO9ababBmaGwXIoBKZ+GTy0pP185beGg7Llih/NSHSV2XAs1lnznocSg==",
			"license": "MIT",
			"dependencies": {
				"@nodelib/fs.scandir": "2.1.5",
				"fastq": "^1.6.0"
			},
			"engines": {
				"node": ">= 8"
			}
		},
		"node_modules/@types/graceful-fs": {
			"version": "4.1.6",
			"resolved": "https://artifactory.aws.athenahealth.com/api/npm/npm/@types/graceful-fs/-/graceful-fs-4.1.6.tgz",
			"integrity": "sha512-Sig0SNORX9fdW+bQuTEovKj3uHcUL6LQKbCrrqb1X7J6/ReAbhCXRAhc+SMejhLELFj2QcyuxmUooZ4bt5ReSw==",
			"dev": true,
			"license": "MIT",
			"dependencies": {
				"@types/node": "*"
			}
		},
		"node_modules/@types/node": {
			"version": "14.18.54",
			"resolved": "https://artifactory.aws.athenahealth.com/api/npm/npm/@types/node/-/node-14.18.54.tgz",
			"integrity": "sha512-uq7O52wvo2Lggsx1x21tKZgqkJpvwCseBBPtX/nKQfpVlEsLOb11zZ1CRsWUKvJF0+lzuA9jwvA7Pr2Wt7i3xw==",
			"dev": true,
			"license": "MIT"
		},
		"node_modules/await-notify": {
			"version": "1.0.1",
			"resolved": "https://artifactory.aws.athenahealth.com/api/npm/npm/await-notify/-/await-notify-1.0.1.tgz",
			"integrity": "sha512-eT6XN2ycPKvuiffzUNmU0dnGmmLw+TexMW7UKOyf5utdVrWx14PR2acRIfy6ZfFWRAv8twt1X74VUgd9RnDmfQ=="
		},
		"node_modules/braces": {
			"version": "3.0.2",
			"resolved": "https://artifactory.aws.athenahealth.com/api/npm/npm/braces/-/braces-3.0.2.tgz",
			"integrity": "sha512-b8um+L1RzM3WDSzvhm6gIz1yfTbBt6YTlcEKAvsmqCZZFw46z626lVj9j1yEPW33H5H+lBQpZMP1k8l+78Ha0A==",
			"license": "MIT",
			"dependencies": {
				"fill-range": "^7.0.1"
			},
			"engines": {
				"node": ">=8"
			}
		},
		"node_modules/fast-glob": {
			"version": "3.3.1",
			"resolved": "https://artifactory.aws.athenahealth.com/api/npm/npm/fast-glob/-/fast-glob-3.3.1.tgz",
			"integrity": "sha512-kNFPyjhh5cKjrUltxs+wFx+ZkbRaxxmZ+X0ZU31SOsxCEtP9VPgtq2teZw1DebupL5GmDaNQ6yKMMVcM41iqDg==",
			"license": "MIT",
			"dependencies": {
				"@nodelib/fs.stat": "^2.0.2",
				"@nodelib/fs.walk": "^1.2.3",
				"glob-parent": "^5.1.2",
				"merge2": "^1.3.0",
				"micromatch": "^4.0.4"
			},
			"engines": {
				"node": ">=8.6.0"
			}
		},
		"node_modules/fastq": {
			"version": "1.15.0",
			"resolved": "https://artifactory.aws.athenahealth.com/api/npm/npm/fastq/-/fastq-1.15.0.tgz",
			"integrity": "sha512-wBrocU2LCXXa+lWBt8RoIRD89Fi8OdABODa/kEnyeyjS5aZO5/GNvI5sEINADqP/h8M29UHTHUb53sUu5Ihqdw==",
			"license": "ISC",
			"dependencies": {
				"reusify": "^1.0.4"
			}
		},
		"node_modules/fill-range": {
			"version": "7.0.1",
			"resolved": "https://artifactory.aws.athenahealth.com/api/npm/npm/fill-range/-/fill-range-7.0.1.tgz",
			"integrity": "sha512-qOo9F+dMUmC2Lcb4BbVvnKJxTPjCm+RRpe4gDuGrzkL7mEVl/djYSu2OdQ2Pa302N4oqkSg9ir6jaLWJ2USVpQ==",
			"license": "MIT",
			"dependencies": {
				"to-regex-range": "^5.0.1"
			},
			"engines": {
				"node": ">=8"
			}
		},
		"node_modules/glob-parent": {
			"version": "5.1.2",
			"resolved": "https://artifactory.aws.athenahealth.com/api/npm/npm/glob-parent/-/glob-parent-5.1.2.tgz",
			"integrity": "sha512-AOIgSQCepiJYwP3ARnGx+5VnTu2HBYdzbGP45eLw1vr3zB3vZLeyed1sC9hnbcOc9/SrMyM5RPQrkGz4aS9Zow==",
			"license": "ISC",
			"dependencies": {
				"is-glob": "^4.0.1"
			},
			"engines": {
				"node": ">= 6"
			}
		},
		"node_modules/graceful-fs": {
			"version": "4.2.11",
			"resolved": "https://artifactory.aws.athenahealth.com/api/npm/npm/graceful-fs/-/graceful-fs-4.2.11.tgz",
			"integrity": "sha512-RbJ5/jmFcNNCcDV5o9eTnBLJ/HszWV0P73bc+Ff4nS/rJj+YaS6IGyiOL0VoBYX+l1Wrl3k63h/KrH+nhJ0XvQ==",
			"license": "ISC"
		},
		"node_modules/is-extglob": {
			"version": "2.1.1",
			"resolved": "https://artifactory.aws.athenahealth.com/api/npm/npm/is-extglob/-/is-extglob-2.1.1.tgz",
			"integrity": "sha512-SbKbANkN603Vi4jEZv49LeVJMn4yGwsbzZworEoyEiutsN3nJYdbO36zfhGJ6QEDpOZIFkDtnq5JRxmvl3jsoQ==",
			"license": "MIT",
			"engines": {
				"node": ">=0.10.0"
			}
		},
		"node_modules/is-glob": {
			"version": "4.0.3",
			"resolved": "https://artifactory.aws.athenahealth.com/api/npm/npm/is-glob/-/is-glob-4.0.3.tgz",
			"integrity": "sha512-xelSayHH36ZgE7ZWhli7pW34hNbNl8Ojv5KVmkJD4hBdD3th8Tfk9vYasLM+mXWOZhFkgZfxhLSnrwRr4elSSg==",
			"license": "MIT",
			"dependencies": {
				"is-extglob": "^2.1.1"
			},
			"engines": {
				"node": ">=0.10.0"
			}
		},
		"node_modules/is-number": {
			"version": "7.0.0",
			"resolved": "https://artifactory.aws.athenahealth.com/api/npm/npm/is-number/-/is-number-7.0.0.tgz",
			"integrity": "sha512-41Cifkg6e8TylSpdtTpeLVMqvSBEVzTttHvERD741+pnZ8ANv0004MRL43QKPDlK9cGvNp6NZWZUBlbGXYxxng==",
			"license": "MIT",
			"engines": {
				"node": ">=0.12.0"
			}
		},
		"node_modules/merge2": {
			"version": "1.4.1",
			"resolved": "https://artifactory.aws.athenahealth.com/api/npm/npm/merge2/-/merge2-1.4.1.tgz",
			"integrity": "sha512-8q7VEgMJW4J8tcfVPy8g09NcQwZdbwFEqhe/WZkoIzjn/3TGDwtOCYtXGxA3O8tPzpczCCDgv+P2P5y00ZJOOg==",
			"license": "MIT",
			"engines": {
				"node": ">= 8"
			}
		},
		"node_modules/micromatch": {
			"version": "4.0.5",
			"resolved": "https://artifactory.aws.athenahealth.com/api/npm/npm/micromatch/-/micromatch-4.0.5.tgz",
			"integrity": "sha512-DMy+ERcEW2q8Z2Po+WNXuw3c5YaUSFjAO5GsJqfEl7UjvtIuFKO6ZrKvcItdy98dwFI2N1tg3zNIdKaQT+aNdA==",
			"license": "MIT",
			"dependencies": {
				"braces": "^3.0.2",
				"picomatch": "^2.3.1"
			},
			"engines": {
				"node": ">=8.6"
			}
		},
		"node_modules/mkdirp": {
			"version": "1.0.4",
			"resolved": "https://artifactory.aws.athenahealth.com/api/npm/npm/mkdirp/-/mkdirp-1.0.4.tgz",
			"integrity": "sha512-vVqVZQyf3WLx2Shd0qJ9xuvqgAyKPLAiqITEtqW0oIUjzo3PePDd6fW9iFz30ef7Ysp/oiWqbhszeGWW2T6Gzw==",
			"bin": {
				"mkdirp": "bin/cmd.js"
			},
			"engines": {
				"node": ">=10"
			}
		},
		"node_modules/nan": {
			"version": "2.17.0",
			"resolved": "https://artifactory.aws.athenahealth.com/api/npm/npm/nan/-/nan-2.17.0.tgz",
			"integrity": "sha512-2ZTgtl0nJsO0KQCjEpxcIr5D+Yv90plTitZt9JBfQvVJDS5seMl3FOvsh3+9CoYWXf/1l5OaZzzF6nDm4cagaQ==",
			"dev": true,
			"license": "MIT"
		},
		"node_modules/picomatch": {
			"version": "2.3.1",
			"resolved": "https://artifactory.aws.athenahealth.com/api/npm/npm/picomatch/-/picomatch-2.3.1.tgz",
			"integrity": "sha512-JU3teHTNjmE2VCGFzuY8EXzCDVwEqB2a8fsIvwaStHhAWJEeVd1o1QD80CU6+ZdEXXSLbSsuLwJjkCBWqRQUVA==",
			"license": "MIT",
			"engines": {
				"node": ">=8.6"
			},
			"funding": {
				"url": "https://github.com/sponsors/jonschlinkert"
			}
		},
		"node_modules/queue-microtask": {
			"version": "1.2.3",
			"resolved": "https://artifactory.aws.athenahealth.com/api/npm/npm/queue-microtask/-/queue-microtask-1.2.3.tgz",
			"integrity": "sha512-NuaNSa6flKT5JaSYQzJok04JzTL1CA6aGhv5rfLW3PgqA+M2ChpZQnAC8h8i4ZFkBS8X5RqkDBHA7r4hej3K9A==",
			"funding": [
				{
					"type": "github",
					"url": "https://github.com/sponsors/feross"
				},
				{
					"type": "patreon",
					"url": "https://www.patreon.com/feross"
				},
				{
					"type": "consulting",
					"url": "https://feross.org/support"
				}
			],
			"license": "MIT"
		},
		"node_modules/reusify": {
			"version": "1.0.4",
			"resolved": "https://artifactory.aws.athenahealth.com/api/npm/npm/reusify/-/reusify-1.0.4.tgz",
			"integrity": "sha512-U9nH88a3fc/ekCF1l0/UP1IosiuIjyTh7hBvXVMHYgVcfGvt897Xguj2UOLDeI5BG2m7/uwyaLVT6fbtCwTyzw==",
			"license": "MIT",
			"engines": {
				"iojs": ">=1.0.0",
				"node": ">=0.10.0"
			}
		},
		"node_modules/run-parallel": {
			"version": "1.2.0",
			"resolved": "https://artifactory.aws.athenahealth.com/api/npm/npm/run-parallel/-/run-parallel-1.2.0.tgz",
			"integrity": "sha512-5l4VyZR86LZ/lDxZTR6jqL8AFE2S0IFLMP26AbjsLVADxHdhB/c0GUsH+y39UfCi3dzz8OlQuPmnaJOMoDHQBA==",
			"funding": [
				{
					"type": "github",
					"url": "https://github.com/sponsors/feross"
				},
				{
					"type": "patreon",
					"url": "https://www.patreon.com/feross"
				},
				{
					"type": "consulting",
					"url": "https://feross.org/support"
				}
			],
			"license": "MIT",
			"dependencies": {
				"queue-microtask": "^1.2.2"
			}
		},
		"node_modules/to-regex-range": {
			"version": "5.0.1",
			"resolved": "https://artifactory.aws.athenahealth.com/api/npm/npm/to-regex-range/-/to-regex-range-5.0.1.tgz",
			"integrity": "sha512-65P7iz6X5yEr1cwcgvQxbbIw7Uk3gOy5dIdtZ4rDveLqhrdJP+Li/Hx6tyK0NEb+2GCyneCMJiGqrADCSNk8sQ==",
			"license": "MIT",
			"dependencies": {
				"is-number": "^7.0.0"
			},
			"engines": {
				"node": ">=8.0"
			}
		},
		"node_modules/tree-sitter-cli": {
			"version": "0.20.8",
			"resolved": "https://artifactory.aws.athenahealth.com/api/npm/npm/tree-sitter-cli/-/tree-sitter-cli-0.20.8.tgz",
			"integrity": "sha512-XjTcS3wdTy/2cc/ptMLc/WRyOLECRYcMTrSWyhZnj1oGSOWbHLTklgsgRICU3cPfb0vy+oZCC33M43u6R1HSCA==",
			"dev": true,
			"hasInstallScript": true,
			"license": "MIT",
			"bin": {
				"tree-sitter": "cli.js"
			}
		},
		"node_modules/vscode-debugadapter": {
			"version": "1.51.0",
			"resolved": "https://artifactory.aws.athenahealth.com/api/npm/npm/vscode-debugadapter/-/vscode-debugadapter-1.51.0.tgz",
			"integrity": "sha512-mObaXD5/FH/z6aL2GDuyCLbnwLsYRCAJWgFid01vKW9Y5Si8OvINK+Tn+Yl/lRUbetjNuZW3j1euMEz6z8Yzqg==",
			"deprecated": "This package has been renamed to @vscode/debugadapter, please update to the new name",
			"dependencies": {
				"mkdirp": "^1.0.4",
				"vscode-debugprotocol": "1.51.0"
			}
		},
		"node_modules/vscode-debugprotocol": {
			"version": "1.51.0",
			"resolved": "https://artifactory.aws.athenahealth.com/api/npm/npm/vscode-debugprotocol/-/vscode-debugprotocol-1.51.0.tgz",
			"integrity": "sha512-dzKWTMMyebIMPF1VYMuuQj7gGFq7guR8AFya0mKacu+ayptJfaRuM0mdHCqiOth4FnRP8mPhEroFPx6Ift8wHA==",
			"deprecated": "This package has been renamed to @vscode/debugprotocol, please update to the new name"
		},
		"node_modules/vscode-jsonrpc": {
			"version": "6.0.0",
			"resolved": "https://artifactory.aws.athenahealth.com/api/npm/npm/vscode-jsonrpc/-/vscode-jsonrpc-6.0.0.tgz",
			"integrity": "sha512-wnJA4BnEjOSyFMvjZdpiOwhSq9uDoK8e/kpRJDTaMYzwlkrhG1fwDIZI94CLsLzlCK5cIbMMtFlJlfR57Lavmg==",
			"license": "MIT",
			"engines": {
				"node": ">=8.0.0 || >=10.0.0"
			}
		},
		"node_modules/vscode-languageserver": {
			"version": "7.0.0",
			"resolved": "https://artifactory.aws.athenahealth.com/api/npm/npm/vscode-languageserver/-/vscode-languageserver-7.0.0.tgz",
			"integrity": "sha512-60HTx5ID+fLRcgdHfmz0LDZAXYEV68fzwG0JWwEPBode9NuMYTIxuYXPg4ngO8i8+Ou0lM7y6GzaYWbiDL0drw==",
			"license": "MIT",
			"dependencies": {
				"vscode-languageserver-protocol": "3.16.0"
			},
			"bin": {
				"installServerIntoExtension": "bin/installServerIntoExtension"
			}
		},
		"node_modules/vscode-languageserver-protocol": {
			"version": "3.16.0",
			"resolved": "https://artifactory.aws.athenahealth.com/api/npm/npm/vscode-languageserver-protocol/-/vscode-languageserver-protocol-3.16.0.tgz",
			"integrity": "sha512-sdeUoAawceQdgIfTI+sdcwkiK2KU+2cbEYA0agzM2uqaUy2UpnnGHtWTHVEtS0ES4zHU0eMFRGN+oQgDxlD66A==",
			"license": "MIT",
			"dependencies": {
				"vscode-jsonrpc": "6.0.0",
				"vscode-languageserver-types": "3.16.0"
			}
		},
		"node_modules/vscode-languageserver-textdocument": {
			"version": "1.0.8",
			"resolved": "https://artifactory.aws.athenahealth.com/api/npm/npm/vscode-languageserver-textdocument/-/vscode-languageserver-textdocument-1.0.8.tgz",
			"integrity": "sha512-1bonkGqQs5/fxGT5UchTgjGVnfysL0O8v1AYMBjqTbWQTFn721zaPGDYFkOKtfDgFiSgXM3KwaG3FMGfW4Ed9Q==",
			"license": "MIT"
		},
		"node_modules/vscode-languageserver-types": {
			"version": "3.16.0",
			"resolved": "https://artifactory.aws.athenahealth.com/api/npm/npm/vscode-languageserver-types/-/vscode-languageserver-types-3.16.0.tgz",
			"integrity": "sha512-k8luDIWJWyenLc5ToFQQMaSrqCHiLwyKPHKPQZ5zz21vM+vIVUSvsRpcbiECH4WR88K2XZqc4ScRcZ7nk/jbeA==",
			"license": "MIT"
		},
		"node_modules/web-tree-sitter": {
			"version": "0.20.8",
			"resolved": "https://artifactory.aws.athenahealth.com/api/npm/npm/web-tree-sitter/-/web-tree-sitter-0.20.8.tgz",
			"integrity": "sha512-weOVgZ3aAARgdnb220GqYuh7+rZU0Ka9k9yfKtGAzEYMa6GgiCzW9JjQRJyCJakvibQW+dfjJdihjInKuuCAUQ=="
		}
	},
	"dependencies": {
		"@ganezdragon/tree-sitter-perl": {
			"version": "0.4.0",
			"resolved": "https://npm.pkg.github.com/download/@ganezdragon/tree-sitter-perl/0.4.0/8011a924ca2f752742fc3f8e214451e76adebcc7",
			"integrity": "sha512-diAoJ9GJ8CjQBnNmylrD1hXZn+6uF1pT5G9vP2npUtskQKF3ybfz9L5JklKd8upARBlwF0+zEZfXGFM8+eeX9Q==",
			"dev": true,
			"requires": {
				"nan": "^2.17.0"
			}
		},
		"@nodelib/fs.scandir": {
			"version": "2.1.5",
			"resolved": "https://artifactory.aws.athenahealth.com/api/npm/npm/@nodelib/fs.scandir/-/fs.scandir-2.1.5.tgz",
			"integrity": "sha512-vq24Bq3ym5HEQm2NKCr3yXDwjc7vTsEThRDnkp2DK9p1uqLR+DHurm/NOTo0KG7HYHU7eppKZj3MyqYuMBf62g==",
			"requires": {
				"@nodelib/fs.stat": "2.0.5",
				"run-parallel": "^1.1.9"
			}
		},
		"@nodelib/fs.stat": {
			"version": "2.0.5",
			"resolved": "https://artifactory.aws.athenahealth.com/api/npm/npm/@nodelib/fs.stat/-/fs.stat-2.0.5.tgz",
			"integrity": "sha512-RkhPPp2zrqDAQA/2jNhnztcPAlv64XdhIp7a7454A5ovI7Bukxgt7MX7udwAu3zg1DcpPU0rz3VV1SeaqvY4+A=="
		},
		"@nodelib/fs.walk": {
			"version": "1.2.8",
			"resolved": "https://artifactory.aws.athenahealth.com/api/npm/npm/@nodelib/fs.walk/-/fs.walk-1.2.8.tgz",
			"integrity": "sha512-oGB+UxlgWcgQkgwo8GcEGwemoTFt3FIO9ababBmaGwXIoBKZ+GTy0pP185beGg7Llih/NSHSV2XAs1lnznocSg==",
			"requires": {
				"@nodelib/fs.scandir": "2.1.5",
				"fastq": "^1.6.0"
			}
		},
		"@types/graceful-fs": {
			"version": "4.1.6",
			"resolved": "https://artifactory.aws.athenahealth.com/api/npm/npm/@types/graceful-fs/-/graceful-fs-4.1.6.tgz",
			"integrity": "sha512-Sig0SNORX9fdW+bQuTEovKj3uHcUL6LQKbCrrqb1X7J6/ReAbhCXRAhc+SMejhLELFj2QcyuxmUooZ4bt5ReSw==",
			"dev": true,
			"requires": {
				"@types/node": "*"
			}
		},
		"@types/node": {
			"version": "14.18.54",
			"resolved": "https://artifactory.aws.athenahealth.com/api/npm/npm/@types/node/-/node-14.18.54.tgz",
			"integrity": "sha512-uq7O52wvo2Lggsx1x21tKZgqkJpvwCseBBPtX/nKQfpVlEsLOb11zZ1CRsWUKvJF0+lzuA9jwvA7Pr2Wt7i3xw==",
			"dev": true
		},
		"await-notify": {
			"version": "1.0.1",
			"resolved": "https://artifactory.aws.athenahealth.com/api/npm/npm/await-notify/-/await-notify-1.0.1.tgz",
			"integrity": "sha512-eT6XN2ycPKvuiffzUNmU0dnGmmLw+TexMW7UKOyf5utdVrWx14PR2acRIfy6ZfFWRAv8twt1X74VUgd9RnDmfQ=="
		},
		"braces": {
			"version": "3.0.2",
			"resolved": "https://artifactory.aws.athenahealth.com/api/npm/npm/braces/-/braces-3.0.2.tgz",
			"integrity": "sha512-b8um+L1RzM3WDSzvhm6gIz1yfTbBt6YTlcEKAvsmqCZZFw46z626lVj9j1yEPW33H5H+lBQpZMP1k8l+78Ha0A==",
			"requires": {
				"fill-range": "^7.0.1"
			}
		},
		"fast-glob": {
			"version": "3.3.1",
			"resolved": "https://artifactory.aws.athenahealth.com/api/npm/npm/fast-glob/-/fast-glob-3.3.1.tgz",
			"integrity": "sha512-kNFPyjhh5cKjrUltxs+wFx+ZkbRaxxmZ+X0ZU31SOsxCEtP9VPgtq2teZw1DebupL5GmDaNQ6yKMMVcM41iqDg==",
			"requires": {
				"@nodelib/fs.stat": "^2.0.2",
				"@nodelib/fs.walk": "^1.2.3",
				"glob-parent": "^5.1.2",
				"merge2": "^1.3.0",
				"micromatch": "^4.0.4"
			}
		},
		"fastq": {
			"version": "1.15.0",
			"resolved": "https://artifactory.aws.athenahealth.com/api/npm/npm/fastq/-/fastq-1.15.0.tgz",
			"integrity": "sha512-wBrocU2LCXXa+lWBt8RoIRD89Fi8OdABODa/kEnyeyjS5aZO5/GNvI5sEINADqP/h8M29UHTHUb53sUu5Ihqdw==",
			"requires": {
				"reusify": "^1.0.4"
			}
		},
		"fill-range": {
			"version": "7.0.1",
			"resolved": "https://artifactory.aws.athenahealth.com/api/npm/npm/fill-range/-/fill-range-7.0.1.tgz",
			"integrity": "sha512-qOo9F+dMUmC2Lcb4BbVvnKJxTPjCm+RRpe4gDuGrzkL7mEVl/djYSu2OdQ2Pa302N4oqkSg9ir6jaLWJ2USVpQ==",
			"requires": {
				"to-regex-range": "^5.0.1"
			}
		},
		"glob-parent": {
			"version": "5.1.2",
			"resolved": "https://artifactory.aws.athenahealth.com/api/npm/npm/glob-parent/-/glob-parent-5.1.2.tgz",
			"integrity": "sha512-AOIgSQCepiJYwP3ARnGx+5VnTu2HBYdzbGP45eLw1vr3zB3vZLeyed1sC9hnbcOc9/SrMyM5RPQrkGz4aS9Zow==",
			"requires": {
				"is-glob": "^4.0.1"
			}
		},
		"graceful-fs": {
			"version": "4.2.11",
			"resolved": "https://artifactory.aws.athenahealth.com/api/npm/npm/graceful-fs/-/graceful-fs-4.2.11.tgz",
			"integrity": "sha512-RbJ5/jmFcNNCcDV5o9eTnBLJ/HszWV0P73bc+Ff4nS/rJj+YaS6IGyiOL0VoBYX+l1Wrl3k63h/KrH+nhJ0XvQ=="
		},
		"is-extglob": {
			"version": "2.1.1",
			"resolved": "https://artifactory.aws.athenahealth.com/api/npm/npm/is-extglob/-/is-extglob-2.1.1.tgz",
			"integrity": "sha512-SbKbANkN603Vi4jEZv49LeVJMn4yGwsbzZworEoyEiutsN3nJYdbO36zfhGJ6QEDpOZIFkDtnq5JRxmvl3jsoQ=="
		},
		"is-glob": {
			"version": "4.0.3",
			"resolved": "https://artifactory.aws.athenahealth.com/api/npm/npm/is-glob/-/is-glob-4.0.3.tgz",
			"integrity": "sha512-xelSayHH36ZgE7ZWhli7pW34hNbNl8Ojv5KVmkJD4hBdD3th8Tfk9vYasLM+mXWOZhFkgZfxhLSnrwRr4elSSg==",
			"requires": {
				"is-extglob": "^2.1.1"
			}
		},
		"is-number": {
			"version": "7.0.0",
			"resolved": "https://artifactory.aws.athenahealth.com/api/npm/npm/is-number/-/is-number-7.0.0.tgz",
			"integrity": "sha512-41Cifkg6e8TylSpdtTpeLVMqvSBEVzTttHvERD741+pnZ8ANv0004MRL43QKPDlK9cGvNp6NZWZUBlbGXYxxng=="
		},
		"merge2": {
			"version": "1.4.1",
			"resolved": "https://artifactory.aws.athenahealth.com/api/npm/npm/merge2/-/merge2-1.4.1.tgz",
			"integrity": "sha512-8q7VEgMJW4J8tcfVPy8g09NcQwZdbwFEqhe/WZkoIzjn/3TGDwtOCYtXGxA3O8tPzpczCCDgv+P2P5y00ZJOOg=="
		},
		"micromatch": {
			"version": "4.0.5",
			"resolved": "https://artifactory.aws.athenahealth.com/api/npm/npm/micromatch/-/micromatch-4.0.5.tgz",
			"integrity": "sha512-DMy+ERcEW2q8Z2Po+WNXuw3c5YaUSFjAO5GsJqfEl7UjvtIuFKO6ZrKvcItdy98dwFI2N1tg3zNIdKaQT+aNdA==",
			"requires": {
				"braces": "^3.0.2",
				"picomatch": "^2.3.1"
			}
		},
		"mkdirp": {
			"version": "1.0.4",
			"resolved": "https://artifactory.aws.athenahealth.com/api/npm/npm/mkdirp/-/mkdirp-1.0.4.tgz",
			"integrity": "sha512-vVqVZQyf3WLx2Shd0qJ9xuvqgAyKPLAiqITEtqW0oIUjzo3PePDd6fW9iFz30ef7Ysp/oiWqbhszeGWW2T6Gzw=="
		},
		"nan": {
			"version": "2.17.0",
			"resolved": "https://artifactory.aws.athenahealth.com/api/npm/npm/nan/-/nan-2.17.0.tgz",
			"integrity": "sha512-2ZTgtl0nJsO0KQCjEpxcIr5D+Yv90plTitZt9JBfQvVJDS5seMl3FOvsh3+9CoYWXf/1l5OaZzzF6nDm4cagaQ==",
			"dev": true
		},
		"picomatch": {
			"version": "2.3.1",
			"resolved": "https://artifactory.aws.athenahealth.com/api/npm/npm/picomatch/-/picomatch-2.3.1.tgz",
			"integrity": "sha512-JU3teHTNjmE2VCGFzuY8EXzCDVwEqB2a8fsIvwaStHhAWJEeVd1o1QD80CU6+ZdEXXSLbSsuLwJjkCBWqRQUVA=="
		},
		"queue-microtask": {
			"version": "1.2.3",
			"resolved": "https://artifactory.aws.athenahealth.com/api/npm/npm/queue-microtask/-/queue-microtask-1.2.3.tgz",
			"integrity": "sha512-NuaNSa6flKT5JaSYQzJok04JzTL1CA6aGhv5rfLW3PgqA+M2ChpZQnAC8h8i4ZFkBS8X5RqkDBHA7r4hej3K9A=="
		},
		"reusify": {
			"version": "1.0.4",
			"resolved": "https://artifactory.aws.athenahealth.com/api/npm/npm/reusify/-/reusify-1.0.4.tgz",
			"integrity": "sha512-U9nH88a3fc/ekCF1l0/UP1IosiuIjyTh7hBvXVMHYgVcfGvt897Xguj2UOLDeI5BG2m7/uwyaLVT6fbtCwTyzw=="
		},
		"run-parallel": {
			"version": "1.2.0",
			"resolved": "https://artifactory.aws.athenahealth.com/api/npm/npm/run-parallel/-/run-parallel-1.2.0.tgz",
			"integrity": "sha512-5l4VyZR86LZ/lDxZTR6jqL8AFE2S0IFLMP26AbjsLVADxHdhB/c0GUsH+y39UfCi3dzz8OlQuPmnaJOMoDHQBA==",
			"requires": {
				"queue-microtask": "^1.2.2"
			}
		},
		"to-regex-range": {
			"version": "5.0.1",
			"resolved": "https://artifactory.aws.athenahealth.com/api/npm/npm/to-regex-range/-/to-regex-range-5.0.1.tgz",
			"integrity": "sha512-65P7iz6X5yEr1cwcgvQxbbIw7Uk3gOy5dIdtZ4rDveLqhrdJP+Li/Hx6tyK0NEb+2GCyneCMJiGqrADCSNk8sQ==",
			"requires": {
				"is-number": "^7.0.0"
			}
		},
		"tree-sitter-cli": {
			"version": "0.20.8",
			"resolved": "https://artifactory.aws.athenahealth.com/api/npm/npm/tree-sitter-cli/-/tree-sitter-cli-0.20.8.tgz",
			"integrity": "sha512-XjTcS3wdTy/2cc/ptMLc/WRyOLECRYcMTrSWyhZnj1oGSOWbHLTklgsgRICU3cPfb0vy+oZCC33M43u6R1HSCA==",
			"dev": true
		},
		"vscode-debugadapter": {
			"version": "1.51.0",
			"resolved": "https://artifactory.aws.athenahealth.com/api/npm/npm/vscode-debugadapter/-/vscode-debugadapter-1.51.0.tgz",
			"integrity": "sha512-mObaXD5/FH/z6aL2GDuyCLbnwLsYRCAJWgFid01vKW9Y5Si8OvINK+Tn+Yl/lRUbetjNuZW3j1euMEz6z8Yzqg==",
			"requires": {
				"mkdirp": "^1.0.4",
				"vscode-debugprotocol": "1.51.0"
			}
		},
		"vscode-debugprotocol": {
			"version": "1.51.0",
			"resolved": "https://artifactory.aws.athenahealth.com/api/npm/npm/vscode-debugprotocol/-/vscode-debugprotocol-1.51.0.tgz",
			"integrity": "sha512-dzKWTMMyebIMPF1VYMuuQj7gGFq7guR8AFya0mKacu+ayptJfaRuM0mdHCqiOth4FnRP8mPhEroFPx6Ift8wHA=="
		},
		"vscode-jsonrpc": {
			"version": "6.0.0",
			"resolved": "https://artifactory.aws.athenahealth.com/api/npm/npm/vscode-jsonrpc/-/vscode-jsonrpc-6.0.0.tgz",
			"integrity": "sha512-wnJA4BnEjOSyFMvjZdpiOwhSq9uDoK8e/kpRJDTaMYzwlkrhG1fwDIZI94CLsLzlCK5cIbMMtFlJlfR57Lavmg=="
		},
		"vscode-languageserver": {
			"version": "7.0.0",
			"resolved": "https://artifactory.aws.athenahealth.com/api/npm/npm/vscode-languageserver/-/vscode-languageserver-7.0.0.tgz",
			"integrity": "sha512-60HTx5ID+fLRcgdHfmz0LDZAXYEV68fzwG0JWwEPBode9NuMYTIxuYXPg4ngO8i8+Ou0lM7y6GzaYWbiDL0drw==",
			"requires": {
				"vscode-languageserver-protocol": "3.16.0"
			}
		},
		"vscode-languageserver-protocol": {
			"version": "3.16.0",
			"resolved": "https://artifactory.aws.athenahealth.com/api/npm/npm/vscode-languageserver-protocol/-/vscode-languageserver-protocol-3.16.0.tgz",
			"integrity": "sha512-sdeUoAawceQdgIfTI+sdcwkiK2KU+2cbEYA0agzM2uqaUy2UpnnGHtWTHVEtS0ES4zHU0eMFRGN+oQgDxlD66A==",
			"requires": {
				"vscode-jsonrpc": "6.0.0",
				"vscode-languageserver-types": "3.16.0"
			}
		},
		"vscode-languageserver-textdocument": {
			"version": "1.0.8",
			"resolved": "https://artifactory.aws.athenahealth.com/api/npm/npm/vscode-languageserver-textdocument/-/vscode-languageserver-textdocument-1.0.8.tgz",
			"integrity": "sha512-1bonkGqQs5/fxGT5UchTgjGVnfysL0O8v1AYMBjqTbWQTFn721zaPGDYFkOKtfDgFiSgXM3KwaG3FMGfW4Ed9Q=="
		},
		"vscode-languageserver-types": {
			"version": "3.16.0",
			"resolved": "https://artifactory.aws.athenahealth.com/api/npm/npm/vscode-languageserver-types/-/vscode-languageserver-types-3.16.0.tgz",
			"integrity": "sha512-k8luDIWJWyenLc5ToFQQMaSrqCHiLwyKPHKPQZ5zz21vM+vIVUSvsRpcbiECH4WR88K2XZqc4ScRcZ7nk/jbeA=="
		},
		"web-tree-sitter": {
			"version": "0.20.8",
			"resolved": "https://artifactory.aws.athenahealth.com/api/npm/npm/web-tree-sitter/-/web-tree-sitter-0.20.8.tgz",
			"integrity": "sha512-weOVgZ3aAARgdnb220GqYuh7+rZU0Ka9k9yfKtGAzEYMa6GgiCzW9JjQRJyCJakvibQW+dfjJdihjInKuuCAUQ=="
		}
	}
}
